
Microsoft Visual Studio Solution File, Format Version 12.00
# Visual Studio Version 17
VisualStudioVersion = 17.0.32014.148
MinimumVisualStudioVersion = 10.0.40219.1
Project("{9A19103F-16F7-4668-BE54-9A1E7A4F7556}") = "Models", "Models\Models.csproj", "{66E47089-559C-4375-A7C1-ADD506969E85}"
EndProject
Project("{9A19103F-16F7-4668-BE54-9A1E7A4F7556}") = "Tests", "Tests\Tests.csproj", "{2D4CD8B4-ED81-4D06-AE56-6B0A52F92759}"
EndProject
Project("{9A19103F-16F7-4668-BE54-9A1E7A4F7556}") = "BL", "BL\BL.csproj", "{9317CBBF-3C8A-42FC-9058-622F95A47ED5}"
EndProject
Project("{9A19103F-16F7-4668-BE54-9A1E7A4F7556}") = "DL", "DL\DL.csproj", "{EF715BF2-A5CE-4D3D-9663-EA27D3AEFF10}"
EndProject
Project("{FAE04EC0-301F-11D3-BF4B-00C04F79EFBC}") = "WebAPI", "WebAPI\WebAPI.csproj", "{2E841C88-97F2-4BFA-BE77-A9BC13E99A06}"
EndProject
Global
	GlobalSection(SolutionConfigurationPlatforms) = preSolution
		Debug|Any CPU = Debug|Any CPU
		Release|Any CPU = Release|Any CPU
	EndGlobalSection
	GlobalSection(ProjectConfigurationPlatforms) = postSolution
		{66E47089-559C-4375-A7C1-ADD506969E85}.Debug|Any CPU.ActiveCfg = Debug|Any CPU
		{66E47089-559C-4375-A7C1-ADD506969E85}.Debug|Any CPU.Build.0 = Debug|Any CPU
		{66E47089-559C-4375-A7C1-ADD506969E85}.Release|Any CPU.ActiveCfg = Release|Any CPU
		{66E47089-559C-4375-A7C1-ADD506969E85}.Release|Any CPU.Build.0 = Release|Any CPU
		{2D4CD8B4-ED81-4D06-AE56-6B0A52F92759}.Debug|Any CPU.ActiveCfg = Debug|Any CPU
		{2D4CD8B4-ED81-4D06-AE56-6B0A52F92759}.Debug|Any CPU.Build.0 = Debug|Any CPU
		{2D4CD8B4-ED81-4D06-AE56-6B0A52F92759}.Release|Any CPU.ActiveCfg = Release|Any CPU
		{2D4CD8B4-ED81-4D06-AE56-6B0A52F92759}.Release|Any CPU.Build.0 = Release|Any CPU
		{9317CBBF-3C8A-42FC-9058-622F95A47ED5}.Debug|Any CPU.ActiveCfg = Debug|Any CPU
		{9317CBBF-3C8A-42FC-9058-622F95A47ED5}.Debug|Any CPU.Build.0 = Debug|Any CPU
		{9317CBBF-3C8A-42FC-9058-622F95A47ED5}.Release|Any CPU.ActiveCfg = Release|Any CPU
		{9317CBBF-3C8A-42FC-9058-622F95A47ED5}.Release|Any CPU.Build.0 = Release|Any CPU
		{EF715BF2-A5CE-4D3D-9663-EA27D3AEFF10}.Debug|Any CPU.ActiveCfg = Debug|Any CPU
		{EF715BF2-A5CE-4D3D-9663-EA27D3AEFF10}.Debug|Any CPU.Build.0 = Debug|Any CPU
		{EF715BF2-A5CE-4D3D-9663-EA27D3AEFF10}.Release|Any CPU.ActiveCfg = Release|Any CPU
		{EF715BF2-A5CE-4D3D-9663-EA27D3AEFF10}.Release|Any CPU.Build.0 = Release|Any CPU
		{2E841C88-97F2-4BFA-BE77-A9BC13E99A06}.Debug|Any CPU.ActiveCfg = Debug|Any CPU
		{2E841C88-97F2-4BFA-BE77-A9BC13E99A06}.Debug|Any CPU.Build.0 = Debug|Any CPU
		{2E841C88-97F2-4BFA-BE77-A9BC13E99A06}.Release|Any CPU.ActiveCfg = Release|Any CPU
		{2E841C88-97F2-4BFA-BE77-A9BC13E99A06}.Release|Any CPU.Build.0 = Release|Any CPU
	EndGlobalSection
	GlobalSection(SolutionProperties) = preSolution
		HideSolutionNode = FALSE
	EndGlobalSection
	GlobalSection(ExtensibilityGlobals) = postSolution
		SolutionGuid = {A9D7D72C-5FBD-4A23-B4C0-30384F3282CD}
	EndGlobalSection
EndGlobal
